
Microsoft Visual Studio Solution File, Format Version 12.00
# Visual Studio Version 17
VisualStudioVersion = 17.6.33815.320
MinimumVisualStudioVersion = 10.0.40219.1
Project("{FAE04EC0-301F-11D3-BF4B-00C04F79EFBC}") = "Sales_Manager", "Sales_Manager\Sales_Manager.csproj", "{275EC7BF-1D4C-4DE0-A2A1-CF4232927609}"
EndProject
Global
	GlobalSection(SolutionConfigurationPlatforms) = preSolution
		Debug|Any CPU = Debug|Any CPU
		Release|Any CPU = Release|Any CPU
	EndGlobalSection
	GlobalSection(ProjectConfigurationPlatforms) = postSolution
		{275EC7BF-1D4C-4DE0-A2A1-CF4232927609}.Debug|Any CPU.ActiveCfg = Debug|Any CPU
		{275EC7BF-1D4C-4DE0-A2A1-CF4232927609}.Debug|Any CPU.Build.0 = Debug|Any CPU
		{275EC7BF-1D4C-4DE0-A2A1-CF4232927609}.Release|Any CPU.ActiveCfg = Release|Any CPU
		{275EC7BF-1D4C-4DE0-A2A1-CF4232927609}.Release|Any CPU.Build.0 = Release|Any CPU
	EndGlobalSection
	GlobalSection(SolutionProperties) = preSolution
		HideSolutionNode = FALSE
	EndGlobalSection
	GlobalSection(ExtensibilityGlobals) = postSolution
		SolutionGuid = {4BC11411-DC8E-46B4-812E-3F6E02E4F03C}
	EndGlobalSection
EndGlobal
